// !$*UTF8*$!
{
	archiveVersion = 1;
	classes = {
	};
	objectVersion = 46;
	objects = {

/* Begin PBXFileReference section */
		EC1EA58A1AAC6B1100C7CA40 /* 0x00000.bin */ = {isa = PBXFileReference; lastKnownFileType = archive.macbinary; path = 0x00000.bin; sourceTree = "<group>"; };
		EC1EA58B1AAC6B1100C7CA40 /* 0x40000.bin */ = {isa = PBXFileReference; lastKnownFileType = archive.macbinary; path = 0x40000.bin; sourceTree = "<group>"; };
		EC1EA58E1AAC6B1100C7CA40 /* httpd.out */ = {isa = PBXFileReference; lastKnownFileType = file; path = httpd.out; sourceTree = "<group>"; };
		EC1EA58F1AAC6B1100C7CA40 /* httpd_app.a */ = {isa = PBXFileReference; lastKnownFileType = archive.ar; path = httpd_app.a; sourceTree = "<group>"; };
		EC1EA5911AAC6B1100C7CA40 /* auth.o */ = {isa = PBXFileReference; lastKnownFileType = "compiled.mach-o.objfile"; path = auth.o; sourceTree = "<group>"; };
		EC1EA5921AAC6B1100C7CA40 /* base64.o */ = {isa = PBXFileReference; lastKnownFileType = "compiled.mach-o.objfile"; path = base64.o; sourceTree = "<group>"; };
		EC1EA5931AAC6B1100C7CA40 /* cgi.o */ = {isa = PBXFileReference; lastKnownFileType = "compiled.mach-o.objfile"; path = cgi.o; sourceTree = "<group>"; };
		EC1EA5941AAC6B1100C7CA40 /* cgiwifi.o */ = {isa = PBXFileReference; lastKnownFileType = "compiled.mach-o.objfile"; path = cgiwifi.o; sourceTree = "<group>"; };
		EC1EA5951AAC6B1100C7CA40 /* espfs.o */ = {isa = PBXFileReference; lastKnownFileType = "compiled.mach-o.objfile"; path = espfs.o; sourceTree = "<group>"; };
		EC1EA5961AAC6B1100C7CA40 /* heatshrink_decoder.o */ = {isa = PBXFileReference; lastKnownFileType = "compiled.mach-o.objfile"; path = heatshrink_decoder.o; sourceTree = "<group>"; };
		EC1EA5971AAC6B1100C7CA40 /* httpd.o */ = {isa = PBXFileReference; lastKnownFileType = "compiled.mach-o.objfile"; path = httpd.o; sourceTree = "<group>"; };
		EC1EA5981AAC6B1100C7CA40 /* httpdespfs.o */ = {isa = PBXFileReference; lastKnownFileType = "compiled.mach-o.objfile"; path = httpdespfs.o; sourceTree = "<group>"; };
		EC1EA5991AAC6B1100C7CA40 /* io.o */ = {isa = PBXFileReference; lastKnownFileType = "compiled.mach-o.objfile"; path = io.o; sourceTree = "<group>"; };
		EC1EA59A1AAC6B1100C7CA40 /* stdout.o */ = {isa = PBXFileReference; lastKnownFileType = "compiled.mach-o.objfile"; path = stdout.o; sourceTree = "<group>"; };
		EC1EA59B1AAC6B1100C7CA40 /* user_main.o */ = {isa = PBXFileReference; lastKnownFileType = "compiled.mach-o.objfile"; path = user_main.o; sourceTree = "<group>"; };
		EC1EA59C1AAC6B1100C7CA40 /* Makefile */ = {isa = PBXFileReference; fileEncoding = 4; lastKnownFileType = sourcecode.make; path = Makefile; sourceTree = "<group>"; };
		EC1EA5E41AAC6B1100C7CA40 /* espmissingincludes.h */ = {isa = PBXFileReference; fileEncoding = 4; lastKnownFileType = sourcecode.c.h; path = espmissingincludes.h; sourceTree = "<group>"; };
		EC1EA5E51AAC6B1100C7CA40 /* httpdconfig.h */ = {isa = PBXFileReference; fileEncoding = 4; lastKnownFileType = sourcecode.c.h; path = httpdconfig.h; sourceTree = "<group>"; };
		EC1EA5E61AAC6B1100C7CA40 /* lwipopts.h */ = {isa = PBXFileReference; fileEncoding = 4; lastKnownFileType = sourcecode.c.h; path = lwipopts.h; sourceTree = "<group>"; };
		EC1EA5E71AAC6B1100C7CA40 /* mem_manager.h */ = {isa = PBXFileReference; fileEncoding = 4; lastKnownFileType = sourcecode.c.h; path = mem_manager.h; sourceTree = "<group>"; };
		EC1EA5E81AAC6B1100C7CA40 /* uart_hw.h */ = {isa = PBXFileReference; fileEncoding = 4; lastKnownFileType = sourcecode.c.h; path = uart_hw.h; sourceTree = "<group>"; };
		EC1EA5E91AAC6B1100C7CA40 /* user_config.h */ = {isa = PBXFileReference; fileEncoding = 4; lastKnownFileType = sourcecode.c.h; path = user_config.h; sourceTree = "<group>"; };
		ECCE8FD71AAEFC1E0045D8E4 /* acosh.c */ = {isa = PBXFileReference; lastKnownFileType = sourcecode.c.c; path = acosh.c; sourceTree = "<group>"; };
		ECCE8FD81AAEFC1E0045D8E4 /* arm_common_tables.h */ = {isa = PBXFileReference; lastKnownFileType = sourcecode.c.h; path = arm_common_tables.h; sourceTree = "<group>"; };
		ECCE8FD91AAEFC1E0045D8E4 /* arm_math.h */ = {isa = PBXFileReference; lastKnownFileType = sourcecode.c.h; path = arm_math.h; sourceTree = "<group>"; };
		ECCE8FDA1AAEFC1E0045D8E4 /* asin.c */ = {isa = PBXFileReference; lastKnownFileType = sourcecode.c.c; path = asin.c; sourceTree = "<group>"; };
		ECCE8FDB1AAEFC1E0045D8E4 /* asinh.c */ = {isa = PBXFileReference; lastKnownFileType = sourcecode.c.c; path = asinh.c; sourceTree = "<group>"; };
		ECCE8FDC1AAEFC1E0045D8E4 /* atan.c */ = {isa = PBXFileReference; lastKnownFileType = sourcecode.c.c; path = atan.c; sourceTree = "<group>"; };
		ECCE8FDD1AAEFC1E0045D8E4 /* atanh.c */ = {isa = PBXFileReference; lastKnownFileType = sourcecode.c.c; path = atanh.c; sourceTree = "<group>"; };
		ECCE8FE41AAEFC1E0045D8E4 /* cbrt.c */ = {isa = PBXFileReference; lastKnownFileType = sourcecode.c.c; path = cbrt.c; sourceTree = "<group>"; };
		ECCE8FE91AAEFC1E0045D8E4 /* chbevl.c */ = {isa = PBXFileReference; lastKnownFileType = sourcecode.c.c; path = chbevl.c; sourceTree = "<group>"; };
		ECCE8FEA1AAEFC1E0045D8E4 /* clog.c */ = {isa = PBXFileReference; lastKnownFileType = sourcecode.c.c; path = clog.c; sourceTree = "<group>"; };
		ECCE8FEB1AAEFC1E0045D8E4 /* cmplx.c */ = {isa = PBXFileReference; lastKnownFileType = sourcecode.c.c; path = cmplx.c; sourceTree = "<group>"; };
		ECCE8FEC1AAEFC1E0045D8E4 /* const.c */ = {isa = PBXFileReference; lastKnownFileType = sourcecode.c.c; path = const.c; sourceTree = "<group>"; };
		ECCE8FED1AAEFC1E0045D8E4 /* core_cm0.h */ = {isa = PBXFileReference; lastKnownFileType = sourcecode.c.h; path = core_cm0.h; sourceTree = "<group>"; };
		ECCE8FEE1AAEFC1E0045D8E4 /* core_cm3.h */ = {isa = PBXFileReference; lastKnownFileType = sourcecode.c.h; path = core_cm3.h; sourceTree = "<group>"; };
		ECCE8FEF1AAEFC1E0045D8E4 /* core_cm4_simd.h */ = {isa = PBXFileReference; lastKnownFileType = sourcecode.c.h; path = core_cm4_simd.h; sourceTree = "<group>"; };
		ECCE8FF01AAEFC1E0045D8E4 /* core_cm4.h */ = {isa = PBXFileReference; lastKnownFileType = sourcecode.c.h; path = core_cm4.h; sourceTree = "<group>"; };
		ECCE8FF11AAEFC1E0045D8E4 /* core_cmFunc.h */ = {isa = PBXFileReference; lastKnownFileType = sourcecode.c.h; path = core_cmFunc.h; sourceTree = "<group>"; };
		ECCE8FF21AAEFC1E0045D8E4 /* core_cmInstr.h */ = {isa = PBXFileReference; lastKnownFileType = sourcecode.c.h; path = core_cmInstr.h; sourceTree = "<group>"; };
		ECCE8FF31AAEFC1E0045D8E4 /* cosh.c */ = {isa = PBXFileReference; lastKnownFileType = sourcecode.c.c; path = cosh.c; sourceTree = "<group>"; };
		ECCE8FF41AAEFC1E0045D8E4 /* descrip.mms */ = {isa = PBXFileReference; lastKnownFileType = text; path = descrip.mms; sourceTree = "<group>"; };
		ECCE8FF51AAEFC1E0045D8E4 /* device.h */ = {isa = PBXFileReference; lastKnownFileType = sourcecode.c.h; path = device.h; sourceTree = "<group>"; };
		ECCE8FF61AAEFC1E0045D8E4 /* diskio.h */ = {isa = PBXFileReference; lastKnownFileType = sourcecode.c.h; path = diskio.h; sourceTree = "<group>"; };
		ECCE8FF71AAEFC1E0045D8E4 /* drand.c */ = {isa = PBXFileReference; lastKnownFileType = sourcecode.c.c; path = drand.c; sourceTree = "<group>"; };
		ECCE8FF81AAEFC1E0045D8E4 /* dtestvec.c */ = {isa = PBXFileReference; lastKnownFileType = sourcecode.c.c; path = dtestvec.c; sourceTree = "<group>"; };
		ECCE8FFB1AAEFC1E0045D8E4 /* exp.c */ = {isa = PBXFileReference; lastKnownFileType = sourcecode.c.c; path = exp.c; sourceTree = "<group>"; };
		ECCE8FFC1AAEFC1E0045D8E4 /* exp2.c */ = {isa = PBXFileReference; lastKnownFileType = sourcecode.c.c; path = exp2.c; sourceTree = "<group>"; };
		ECCE8FFD1AAEFC1E0045D8E4 /* exp10.c */ = {isa = PBXFileReference; lastKnownFileType = sourcecode.c.c; path = exp10.c; sourceTree = "<group>"; };
		ECCE8FFE1AAEFC1E0045D8E4 /* fabs.c */ = {isa = PBXFileReference; lastKnownFileType = sourcecode.c.c; path = fabs.c; sourceTree = "<group>"; };
		ECCE90001AAEFC1E0045D8E4 /* 00index_e.html */ = {isa = PBXFileReference; lastKnownFileType = text.html; path = 00index_e.html; sourceTree = "<group>"; };
		ECCE90011AAEFC1E0045D8E4 /* css_e.css */ = {isa = PBXFileReference; lastKnownFileType = text.css; path = css_e.css; sourceTree = "<group>"; };
		ECCE90031AAEFC1E0045D8E4 /* appnote.html */ = {isa = PBXFileReference; lastKnownFileType = text.html; path = appnote.html; sourceTree = "<group>"; };
		ECCE90041AAEFC1E0045D8E4 /* chdir.html */ = {isa = PBXFileReference; lastKnownFileType = text.html; path = chdir.html; sourceTree = "<group>"; };
		ECCE90051AAEFC1E0045D8E4 /* chdrive.html */ = {isa = PBXFileReference; lastKnownFileType = text.html; path = chdrive.html; sourceTree = "<group>"; };
		ECCE90061AAEFC1E0045D8E4 /* chmod.html */ = {isa = PBXFileReference; lastKnownFileType = text.html; path = chmod.html; sourceTree = "<group>"; };
		ECCE90071AAEFC1E0045D8E4 /* close.html */ = {isa = PBXFileReference; lastKnownFileType = text.html; path = close.html; sourceTree = "<group>"; };
		ECCE90081AAEFC1E0045D8E4 /* dinit.html */ = {isa = PBXFileReference; lastKnownFileType = text.html; path = dinit.html; sourceTree = "<group>"; };
		ECCE90091AAEFC1E0045D8E4 /* dioctl.html */ = {isa = PBXFileReference; lastKnownFileType = text.html; path = dioctl.html; sourceTree = "<group>"; };
		ECCE900A1AAEFC1E0045D8E4 /* dread.html */ = {isa = PBXFileReference; lastKnownFileType = text.html; path = dread.html; sourceTree = "<group>"; };
		ECCE900B1AAEFC1E0045D8E4 /* dstat.html */ = {isa = PBXFileReference; lastKnownFileType = text.html; path = dstat.html; sourceTree = "<group>"; };
		ECCE900C1AAEFC1E0045D8E4 /* dwrite.html */ = {isa = PBXFileReference; lastKnownFileType = text.html; path = dwrite.html; sourceTree = "<group>"; };
		ECCE900D1AAEFC1E0045D8E4 /* fattime.html */ = {isa = PBXFileReference; lastKnownFileType = text.html; path = fattime.html; sourceTree = "<group>"; };
		ECCE900E1AAEFC1E0045D8E4 /* filename.html */ = {isa = PBXFileReference; lastKnownFileType = text.html; path = filename.html; sourceTree = "<group>"; };
		ECCE900F1AAEFC1E0045D8E4 /* forward.html */ = {isa = PBXFileReference; lastKnownFileType = text.html; path = forward.html; sourceTree = "<group>"; };
		ECCE90101AAEFC1E0045D8E4 /* getfree.html */ = {isa = PBXFileReference; lastKnownFileType = text.html; path = getfree.html; sourceTree = "<group>"; };
		ECCE90111AAEFC1E0045D8E4 /* gets.html */ = {isa = PBXFileReference; lastKnownFileType = text.html; path = gets.html; sourceTree = "<group>"; };
		ECCE90121AAEFC1E0045D8E4 /* lseek.html */ = {isa = PBXFileReference; lastKnownFileType = text.html; path = lseek.html; sourceTree = "<group>"; };
		ECCE90131AAEFC1E0045D8E4 /* mkdir.html */ = {isa = PBXFileReference; lastKnownFileType = text.html; path = mkdir.html; sourceTree = "<group>"; };
		ECCE90141AAEFC1E0045D8E4 /* mkfs.html */ = {isa = PBXFileReference; lastKnownFileType = text.html; path = mkfs.html; sourceTree = "<group>"; };
		ECCE90151AAEFC1E0045D8E4 /* mount.html */ = {isa = PBXFileReference; lastKnownFileType = text.html; path = mount.html; sourceTree = "<group>"; };
		ECCE90161AAEFC1E0045D8E4 /* mountdrv.html */ = {isa = PBXFileReference; lastKnownFileType = text.html; path = mountdrv.html; sourceTree = "<group>"; };
		ECCE90171AAEFC1E0045D8E4 /* open.html */ = {isa = PBXFileReference; lastKnownFileType = text.html; path = open.html; sourceTree = "<group>"; };
		ECCE90181AAEFC1E0045D8E4 /* opendir.html */ = {isa = PBXFileReference; lastKnownFileType = text.html; path = opendir.html; sourceTree = "<group>"; };
		ECCE90191AAEFC1E0045D8E4 /* printf.html */ = {isa = PBXFileReference; lastKnownFileType = text.html; path = printf.html; sourceTree = "<group>"; };
		ECCE901A1AAEFC1E0045D8E4 /* putc.html */ = {isa = PBXFileReference; lastKnownFileType = text.html; path = putc.html; sourceTree = "<group>"; };
		ECCE901B1AAEFC1E0045D8E4 /* puts.html */ = {isa = PBXFileReference; lastKnownFileType = text.html; path = puts.html; sourceTree = "<group>"; };
		ECCE901C1AAEFC1E0045D8E4 /* read.html */ = {isa = PBXFileReference; lastKnownFileType = text.html; path = read.html; sourceTree = "<group>"; };
		ECCE901D1AAEFC1E0045D8E4 /* readdir.html */ = {isa = PBXFileReference; lastKnownFileType = text.html; path = readdir.html; sourceTree = "<group>"; };
		ECCE901E1AAEFC1E0045D8E4 /* rename.html */ = {isa = PBXFileReference; lastKnownFileType = text.html; path = rename.html; sourceTree = "<group>"; };
		ECCE901F1AAEFC1E0045D8E4 /* sdir.html */ = {isa = PBXFileReference; lastKnownFileType = text.html; path = sdir.html; sourceTree = "<group>"; };
		ECCE90201AAEFC1E0045D8E4 /* sfatfs.html */ = {isa = PBXFileReference; lastKnownFileType = text.html; path = sfatfs.html; sourceTree = "<group>"; };
		ECCE90211AAEFC1E0045D8E4 /* sfile.html */ = {isa = PBXFileReference; lastKnownFileType = text.html; path = sfile.html; sourceTree = "<group>"; };
		ECCE90221AAEFC1E0045D8E4 /* sfileinfo.html */ = {isa = PBXFileReference; lastKnownFileType = text.html; path = sfileinfo.html; sourceTree = "<group>"; };
		ECCE90231AAEFC1E0045D8E4 /* stat.html */ = {isa = PBXFileReference; lastKnownFileType = text.html; path = stat.html; sourceTree = "<group>"; };
		ECCE90241AAEFC1E0045D8E4 /* sync.html */ = {isa = PBXFileReference; lastKnownFileType = text.html; path = sync.html; sourceTree = "<group>"; };
		ECCE90251AAEFC1E0045D8E4 /* truncate.html */ = {isa = PBXFileReference; lastKnownFileType = text.html; path = truncate.html; sourceTree = "<group>"; };
		ECCE90261AAEFC1E0045D8E4 /* unlink.html */ = {isa = PBXFileReference; lastKnownFileType = text.html; path = unlink.html; sourceTree = "<group>"; };
		ECCE90271AAEFC1E0045D8E4 /* utime.html */ = {isa = PBXFileReference; lastKnownFileType = text.html; path = utime.html; sourceTree = "<group>"; };
		ECCE90281AAEFC1E0045D8E4 /* write.html */ = {isa = PBXFileReference; lastKnownFileType = text.html; path = write.html; sourceTree = "<group>"; };
		ECCE902A1AAEFC1E0045D8E4 /* f1.png */ = {isa = PBXFileReference; lastKnownFileType = image.png; path = f1.png; sourceTree = "<group>"; };
		ECCE902B1AAEFC1E0045D8E4 /* f2.png */ = {isa = PBXFileReference; lastKnownFileType = image.png; path = f2.png; sourceTree = "<group>"; };
		ECCE902C1AAEFC1E0045D8E4 /* f3.png */ = {isa = PBXFileReference; lastKnownFileType = image.png; path = f3.png; sourceTree = "<group>"; };
		ECCE902D1AAEFC1E0045D8E4 /* f4.png */ = {isa = PBXFileReference; lastKnownFileType = image.png; path = f4.png; sourceTree = "<group>"; };
		ECCE902E1AAEFC1E0045D8E4 /* f5.png */ = {isa = PBXFileReference; lastKnownFileType = image.png; path = f5.png; sourceTree = "<group>"; };
		ECCE902F1AAEFC1E0045D8E4 /* layers.png */ = {isa = PBXFileReference; lastKnownFileType = image.png; path = layers.png; sourceTree = "<group>"; };
		ECCE90301AAEFC1E0045D8E4 /* rwtest.png */ = {isa = PBXFileReference; lastKnownFileType = image.png; path = rwtest.png; sourceTree = "<group>"; };
		ECCE90311AAEFC1E0045D8E4 /* rwtest2.png */ = {isa = PBXFileReference; lastKnownFileType = image.png; path = rwtest2.png; sourceTree = "<group>"; };
		ECCE90321AAEFC1E0045D8E4 /* patches.html */ = {isa = PBXFileReference; lastKnownFileType = text.html; path = patches.html; sourceTree = "<group>"; };
		ECCE90331AAEFC1E0045D8E4 /* updates.txt */ = {isa = PBXFileReference; lastKnownFileType = text; path = updates.txt; sourceTree = "<group>"; };
		ECCE90341AAEFC1E0045D8E4 /* fattime.c */ = {isa = PBXFileReference; lastKnownFileType = sourcecode.c.c; path = fattime.c; sourceTree = "<group>"; };
		ECCE90351AAEFC1E0045D8E4 /* fattime.h */ = {isa = PBXFileReference; lastKnownFileType = sourcecode.c.h; path = fattime.h; sourceTree = "<group>"; };
		ECCE90361AAEFC1E0045D8E4 /* ff.c */ = {isa = PBXFileReference; lastKnownFileType = sourcecode.c.c; path = ff.c; sourceTree = "<group>"; };
		ECCE90371AAEFC1E0045D8E4 /* ff.h */ = {isa = PBXFileReference; lastKnownFileType = sourcecode.c.h; path = ff.h; sourceTree = "<group>"; };
		ECCE90381AAEFC1E0045D8E4 /* ffconf.h */ = {isa = PBXFileReference; lastKnownFileType = sourcecode.c.h; path = ffconf.h; sourceTree = "<group>"; };
		ECCE90391AAEFC1E0045D8E4 /* floor.c */ = {isa = PBXFileReference; lastKnownFileType = sourcecode.c.c; path = floor.c; sourceTree = "<group>"; };
		ECCE903A1AAEFC1E0045D8E4 /* ftilib.mak */ = {isa = PBXFileReference; lastKnownFileType = sourcecode.make; path = ftilib.mak; sourceTree = "<group>"; };
		ECCE903B1AAEFC1E0045D8E4 /* ftilib.rsp */ = {isa = PBXFileReference; lastKnownFileType = text; path = ftilib.rsp; sourceTree = "<group>"; };
		ECCE90471AAEFC1E0045D8E4 /* integer.h */ = {isa = PBXFileReference; lastKnownFileType = sourcecode.c.h; path = integer.h; sourceTree = "<group>"; };
		ECCE904A1AAEFC1E0045D8E4 /* isnan.c */ = {isa = PBXFileReference; lastKnownFileType = sourcecode.c.c; path = isnan.c; sourceTree = "<group>"; };
		ECCE904B1AAEFC1E0045D8E4 /* jsdevices.c */ = {isa = PBXFileReference; lastKnownFileType = sourcecode.c.c; path = jsdevices.c; sourceTree = "<group>"; };
		ECCE904C1AAEFC1E0045D8E4 /* jsdevices.h */ = {isa = PBXFileReference; lastKnownFileType = sourcecode.c.h; path = jsdevices.h; sourceTree = "<group>"; };
		ECCE904D1AAEFC1E0045D8E4 /* jshardware.c */ = {isa = PBXFileReference; lastKnownFileType = sourcecode.c.c; path = jshardware.c; sourceTree = "<group>"; };
		ECCE904E1AAEFC1E0045D8E4 /* jshardware.h */ = {isa = PBXFileReference; lastKnownFileType = sourcecode.c.h; path = jshardware.h; sourceTree = "<group>"; };
		ECCE904F1AAEFC1E0045D8E4 /* jsinteractive.c */ = {isa = PBXFileReference; lastKnownFileType = sourcecode.c.c; path = jsinteractive.c; sourceTree = "<group>"; };
		ECCE90501AAEFC1E0045D8E4 /* jsinteractive.h */ = {isa = PBXFileReference; lastKnownFileType = sourcecode.c.h; path = jsinteractive.h; sourceTree = "<group>"; };
		ECCE90511AAEFC1E0045D8E4 /* jslex.c */ = {isa = PBXFileReference; lastKnownFileType = sourcecode.c.c; path = jslex.c; sourceTree = "<group>"; };
		ECCE90521AAEFC1E0045D8E4 /* jslex.h */ = {isa = PBXFileReference; lastKnownFileType = sourcecode.c.h; path = jslex.h; sourceTree = "<group>"; };
		ECCE90531AAEFC1E0045D8E4 /* jsnative.c */ = {isa = PBXFileReference; lastKnownFileType = sourcecode.c.c; path = jsnative.c; sourceTree = "<group>"; };
		ECCE90541AAEFC1E0045D8E4 /* jsnative.h */ = {isa = PBXFileReference; lastKnownFileType = sourcecode.c.h; path = jsnative.h; sourceTree = "<group>"; };
		ECCE90551AAEFC1E0045D8E4 /* jsparse.c */ = {isa = PBXFileReference; lastKnownFileType = sourcecode.c.c; path = jsparse.c; sourceTree = "<group>"; };
		ECCE90561AAEFC1E0045D8E4 /* jsparse.h */ = {isa = PBXFileReference; lastKnownFileType = sourcecode.c.h; path = jsparse.h; sourceTree = "<group>"; };
		ECCE90571AAEFC1E0045D8E4 /* jspin.c */ = {isa = PBXFileReference; lastKnownFileType = sourcecode.c.c; path = jspin.c; sourceTree = "<group>"; };
		ECCE90581AAEFC1E0045D8E4 /* jspin.h */ = {isa = PBXFileReference; lastKnownFileType = sourcecode.c.h; path = jspin.h; sourceTree = "<group>"; };
		ECCE90591AAEFC1E0045D8E4 /* jspininfo_arduino.c */ = {isa = PBXFileReference; lastKnownFileType = sourcecode.c.c; path = jspininfo_arduino.c; sourceTree = "<group>"; };
		ECCE905A1AAEFC1E0045D8E4 /* jspininfo_arduino.h */ = {isa = PBXFileReference; lastKnownFileType = sourcecode.c.h; path = jspininfo_arduino.h; sourceTree = "<group>"; };
		ECCE905B1AAEFC1E0045D8E4 /* jspininfo.c */ = {isa = PBXFileReference; lastKnownFileType = sourcecode.c.c; path = jspininfo.c; sourceTree = "<group>"; };
		ECCE905C1AAEFC1E0045D8E4 /* jspininfo.h */ = {isa = PBXFileReference; lastKnownFileType = sourcecode.c.h; path = jspininfo.h; sourceTree = "<group>"; };
		ECCE905D1AAEFC1E0045D8E4 /* jsspi.c */ = {isa = PBXFileReference; lastKnownFileType = sourcecode.c.c; path = jsspi.c; sourceTree = "<group>"; };
		ECCE905E1AAEFC1E0045D8E4 /* jsspi.h */ = {isa = PBXFileReference; lastKnownFileType = sourcecode.c.h; path = jsspi.h; sourceTree = "<group>"; };
		ECCE905F1AAEFC1E0045D8E4 /* jstimer.c */ = {isa = PBXFileReference; lastKnownFileType = sourcecode.c.c; path = jstimer.c; sourceTree = "<group>"; };
		ECCE90601AAEFC1E0045D8E4 /* jstimer.h */ = {isa = PBXFileReference; lastKnownFileType = sourcecode.c.h; path = jstimer.h; sourceTree = "<group>"; };
		ECCE90611AAEFC1E0045D8E4 /* jsutils.c */ = {isa = PBXFileReference; lastKnownFileType = sourcecode.c.c; path = jsutils.c; sourceTree = "<group>"; };
		ECCE90621AAEFC1E0045D8E4 /* jsutils.h */ = {isa = PBXFileReference; lastKnownFileType = sourcecode.c.h; path = jsutils.h; sourceTree = "<group>"; };
		ECCE90631AAEFC1E0045D8E4 /* jsvar.c */ = {isa = PBXFileReference; lastKnownFileType = sourcecode.c.c; path = jsvar.c; sourceTree = "<group>"; };
		ECCE90641AAEFC1E0045D8E4 /* jsvar.h */ = {isa = PBXFileReference; lastKnownFileType = sourcecode.c.h; path = jsvar.h; sourceTree = "<group>"; };
		ECCE90651AAEFC1E0045D8E4 /* jsvariterator.c */ = {isa = PBXFileReference; lastKnownFileType = sourcecode.c.c; path = jsvariterator.c; sourceTree = "<group>"; };
		ECCE90661AAEFC1E0045D8E4 /* jsvariterator.h */ = {isa = PBXFileReference; lastKnownFileType = sourcecode.c.h; path = jsvariterator.h; sourceTree = "<group>"; };
		ECCE90671AAEFC1E0045D8E4 /* jswrap_array.c */ = {isa = PBXFileReference; lastKnownFileType = sourcecode.c.c; path = jswrap_array.c; sourceTree = "<group>"; };
		ECCE90681AAEFC1E0045D8E4 /* jswrap_array.h */ = {isa = PBXFileReference; lastKnownFileType = sourcecode.c.h; path = jswrap_array.h; sourceTree = "<group>"; };
		ECCE90691AAEFC1E0045D8E4 /* jswrap_arraybuffer.c */ = {isa = PBXFileReference; lastKnownFileType = sourcecode.c.c; path = jswrap_arraybuffer.c; sourceTree = "<group>"; };
		ECCE906A1AAEFC1E0045D8E4 /* jswrap_arraybuffer.h */ = {isa = PBXFileReference; lastKnownFileType = sourcecode.c.h; path = jswrap_arraybuffer.h; sourceTree = "<group>"; };
		ECCE906B1AAEFC1E0045D8E4 /* jswrap_date.c */ = {isa = PBXFileReference; lastKnownFileType = sourcecode.c.c; path = jswrap_date.c; sourceTree = "<group>"; };
		ECCE906C1AAEFC1E0045D8E4 /* jswrap_date.h */ = {isa = PBXFileReference; lastKnownFileType = sourcecode.c.h; path = jswrap_date.h; sourceTree = "<group>"; };
		ECCE906D1AAEFC1E0045D8E4 /* jswrap_error.c */ = {isa = PBXFileReference; lastKnownFileType = sourcecode.c.c; path = jswrap_error.c; sourceTree = "<group>"; };
		ECCE906E1AAEFC1E0045D8E4 /* jswrap_error.h */ = {isa = PBXFileReference; lastKnownFileType = sourcecode.c.h; path = jswrap_error.h; sourceTree = "<group>"; };
		ECCE90711AAEFC1E0045D8E4 /* jswrap_espruino.c */ = {isa = PBXFileReference; lastKnownFileType = sourcecode.c.c; path = jswrap_espruino.c; sourceTree = "<group>"; };
		ECCE90721AAEFC1E0045D8E4 /* jswrap_espruino.h */ = {isa = PBXFileReference; lastKnownFileType = sourcecode.c.h; path = jswrap_espruino.h; sourceTree = "<group>"; };
		ECCE90731AAEFC1E0045D8E4 /* jswrap_file.c */ = {isa = PBXFileReference; lastKnownFileType = sourcecode.c.c; path = jswrap_file.c; sourceTree = "<group>"; };
		ECCE90741AAEFC1E0045D8E4 /* jswrap_file.h */ = {isa = PBXFileReference; lastKnownFileType = sourcecode.c.h; path = jswrap_file.h; sourceTree = "<group>"; };
		ECCE90751AAEFC1E0045D8E4 /* jswrap_fs.c */ = {isa = PBXFileReference; lastKnownFileType = sourcecode.c.c; path = jswrap_fs.c; sourceTree = "<group>"; };
		ECCE90761AAEFC1E0045D8E4 /* jswrap_fs.h */ = {isa = PBXFileReference; lastKnownFileType = sourcecode.c.h; path = jswrap_fs.h; sourceTree = "<group>"; };
		ECCE90771AAEFC1E0045D8E4 /* jswrap_functions.c */ = {isa = PBXFileReference; lastKnownFileType = sourcecode.c.c; path = jswrap_functions.c; sourceTree = "<group>"; };
		ECCE90781AAEFC1E0045D8E4 /* jswrap_functions.h */ = {isa = PBXFileReference; lastKnownFileType = sourcecode.c.h; path = jswrap_functions.h; sourceTree = "<group>"; };
		ECCE90791AAEFC1E0045D8E4 /* jswrap_hashlib.c */ = {isa = PBXFileReference; lastKnownFileType = sourcecode.c.c; path = jswrap_hashlib.c; sourceTree = "<group>"; };
		ECCE907A1AAEFC1E0045D8E4 /* jswrap_hashlib.h */ = {isa = PBXFileReference; lastKnownFileType = sourcecode.c.h; path = jswrap_hashlib.h; sourceTree = "<group>"; };
		ECCE907B1AAEFC1E0045D8E4 /* jswrap_http.c */ = {isa = PBXFileReference; lastKnownFileType = sourcecode.c.c; path = jswrap_http.c; sourceTree = "<group>"; };
		ECCE907C1AAEFC1E0045D8E4 /* jswrap_http.h */ = {isa = PBXFileReference; lastKnownFileType = sourcecode.c.h; path = jswrap_http.h; sourceTree = "<group>"; };
		ECCE907D1AAEFC1E0045D8E4 /* jswrap_interactive.c */ = {isa = PBXFileReference; lastKnownFileType = sourcecode.c.c; path = jswrap_interactive.c; sourceTree = "<group>"; };
		ECCE907E1AAEFC1E0045D8E4 /* jswrap_interactive.h */ = {isa = PBXFileReference; lastKnownFileType = sourcecode.c.h; path = jswrap_interactive.h; sourceTree = "<group>"; };
		ECCE907F1AAEFC1E0045D8E4 /* jswrap_io.c */ = {isa = PBXFileReference; lastKnownFileType = sourcecode.c.c; path = jswrap_io.c; sourceTree = "<group>"; };
		ECCE90801AAEFC1E0045D8E4 /* jswrap_io.h */ = {isa = PBXFileReference; lastKnownFileType = sourcecode.c.h; path = jswrap_io.h; sourceTree = "<group>"; };
		ECCE90811AAEFC1E0045D8E4 /* jswrap_json.c */ = {isa = PBXFileReference; lastKnownFileType = sourcecode.c.c; path = jswrap_json.c; sourceTree = "<group>"; };
		ECCE90821AAEFC1E0045D8E4 /* jswrap_json.h */ = {isa = PBXFileReference; lastKnownFileType = sourcecode.c.h; path = jswrap_json.h; sourceTree = "<group>"; };
		ECCE90831AAEFC1E0045D8E4 /* jswrap_math.c */ = {isa = PBXFileReference; lastKnownFileType = sourcecode.c.c; path = jswrap_math.c; sourceTree = "<group>"; };
		ECCE90841AAEFC1E0045D8E4 /* jswrap_math.h */ = {isa = PBXFileReference; lastKnownFileType = sourcecode.c.h; path = jswrap_math.h; sourceTree = "<group>"; };
		ECCE90851AAEFC1E0045D8E4 /* jswrap_modules.c */ = {isa = PBXFileReference; lastKnownFileType = sourcecode.c.c; path = jswrap_modules.c; sourceTree = "<group>"; };
		ECCE90861AAEFC1E0045D8E4 /* jswrap_modules.h */ = {isa = PBXFileReference; lastKnownFileType = sourcecode.c.h; path = jswrap_modules.h; sourceTree = "<group>"; };
		ECCE90871AAEFC1E0045D8E4 /* jswrap_net.c */ = {isa = PBXFileReference; lastKnownFileType = sourcecode.c.c; path = jswrap_net.c; sourceTree = "<group>"; };
		ECCE90881AAEFC1E0045D8E4 /* jswrap_net.h */ = {isa = PBXFileReference; lastKnownFileType = sourcecode.c.h; path = jswrap_net.h; sourceTree = "<group>"; };
		ECCE90891AAEFC1E0045D8E4 /* jswrap_number.c */ = {isa = PBXFileReference; lastKnownFileType = sourcecode.c.c; path = jswrap_number.c; sourceTree = "<group>"; };
		ECCE908A1AAEFC1E0045D8E4 /* jswrap_number.h */ = {isa = PBXFileReference; lastKnownFileType = sourcecode.c.h; path = jswrap_number.h; sourceTree = "<group>"; };
		ECCE908B1AAEFC1E0045D8E4 /* jswrap_object.c */ = {isa = PBXFileReference; lastKnownFileType = sourcecode.c.c; path = jswrap_object.c; sourceTree = "<group>"; };
		ECCE908C1AAEFC1E0045D8E4 /* jswrap_object.h */ = {isa = PBXFileReference; lastKnownFileType = sourcecode.c.h; path = jswrap_object.h; sourceTree = "<group>"; };
		ECCE908D1AAEFC1E0045D8E4 /* jswrap_onewire.c */ = {isa = PBXFileReference; lastKnownFileType = sourcecode.c.c; path = jswrap_onewire.c; sourceTree = "<group>"; };
		ECCE908E1AAEFC1E0045D8E4 /* jswrap_onewire.h */ = {isa = PBXFileReference; lastKnownFileType = sourcecode.c.h; path = jswrap_onewire.h; sourceTree = "<group>"; };
		ECCE908F1AAEFC1E0045D8E4 /* jswrap_pin.c */ = {isa = PBXFileReference; lastKnownFileType = sourcecode.c.c; path = jswrap_pin.c; sourceTree = "<group>"; };
		ECCE90901AAEFC1E0045D8E4 /* jswrap_pin.h */ = {isa = PBXFileReference; lastKnownFileType = sourcecode.c.h; path = jswrap_pin.h; sourceTree = "<group>"; };
		ECCE90911AAEFC1E0045D8E4 /* jswrap_pipe.c */ = {isa = PBXFileReference; lastKnownFileType = sourcecode.c.c; path = jswrap_pipe.c; sourceTree = "<group>"; };
		ECCE90921AAEFC1E0045D8E4 /* jswrap_pipe.h */ = {isa = PBXFileReference; lastKnownFileType = sourcecode.c.h; path = jswrap_pipe.h; sourceTree = "<group>"; };
		ECCE90931AAEFC1E0045D8E4 /* jswrap_process.c */ = {isa = PBXFileReference; lastKnownFileType = sourcecode.c.c; path = jswrap_process.c; sourceTree = "<group>"; };
		ECCE90941AAEFC1E0045D8E4 /* jswrap_process.h */ = {isa = PBXFileReference; lastKnownFileType = sourcecode.c.h; path = jswrap_process.h; sourceTree = "<group>"; };
		ECCE90951AAEFC1E0045D8E4 /* jswrap_serial.c */ = {isa = PBXFileReference; lastKnownFileType = sourcecode.c.c; path = jswrap_serial.c; sourceTree = "<group>"; };
		ECCE90961AAEFC1E0045D8E4 /* jswrap_serial.h */ = {isa = PBXFileReference; lastKnownFileType = sourcecode.c.h; path = jswrap_serial.h; sourceTree = "<group>"; };
		ECCE90971AAEFC1E0045D8E4 /* jswrap_spi_i2c.c */ = {isa = PBXFileReference; lastKnownFileType = sourcecode.c.c; path = jswrap_spi_i2c.c; sourceTree = "<group>"; };
		ECCE90981AAEFC1E0045D8E4 /* jswrap_spi_i2c.h */ = {isa = PBXFileReference; lastKnownFileType = sourcecode.c.h; path = jswrap_spi_i2c.h; sourceTree = "<group>"; };
		ECCE90991AAEFC1E0045D8E4 /* jswrap_stream.c */ = {isa = PBXFileReference; lastKnownFileType = sourcecode.c.c; path = jswrap_stream.c; sourceTree = "<group>"; };
		ECCE909A1AAEFC1E0045D8E4 /* jswrap_stream.h */ = {isa = PBXFileReference; lastKnownFileType = sourcecode.c.h; path = jswrap_stream.h; sourceTree = "<group>"; };
		ECCE909B1AAEFC1E0045D8E4 /* jswrap_string.c */ = {isa = PBXFileReference; lastKnownFileType = sourcecode.c.c; path = jswrap_string.c; sourceTree = "<group>"; };
		ECCE909C1AAEFC1E0045D8E4 /* jswrap_string.h */ = {isa = PBXFileReference; lastKnownFileType = sourcecode.c.h; path = jswrap_string.h; sourceTree = "<group>"; };
		ECCE909D1AAEFC1E0045D8E4 /* jswrap_waveform.c */ = {isa = PBXFileReference; lastKnownFileType = sourcecode.c.c; path = jswrap_waveform.c; sourceTree = "<group>"; };
		ECCE909E1AAEFC1E0045D8E4 /* jswrap_waveform.h */ = {isa = PBXFileReference; lastKnownFileType = sourcecode.c.h; path = jswrap_waveform.h; sourceTree = "<group>"; };
		ECCE909F1AAEFC1E0045D8E4 /* jswrapper.c */ = {isa = PBXFileReference; lastKnownFileType = sourcecode.c.c; path = jswrapper.c; sourceTree = "<group>"; };
		ECCE90A01AAEFC1E0045D8E4 /* jswrapper.h */ = {isa = PBXFileReference; lastKnownFileType = sourcecode.c.h; path = jswrapper.h; sourceTree = "<group>"; };
		ECCE90A11AAEFC1E0045D8E4 /* log.c */ = {isa = PBXFileReference; lastKnownFileType = sourcecode.c.c; path = log.c; sourceTree = "<group>"; };
		ECCE90A21AAEFC1E0045D8E4 /* log2.c */ = {isa = PBXFileReference; lastKnownFileType = sourcecode.c.c; path = log2.c; sourceTree = "<group>"; };
		ECCE90A31AAEFC1E0045D8E4 /* log10.c */ = {isa = PBXFileReference; lastKnownFileType = sourcecode.c.c; path = log10.c; sourceTree = "<group>"; };
		ECCE90A41AAEFC1E0045D8E4 /* main.cc */ = {isa = PBXFileReference; lastKnownFileType = sourcecode.cpp.cpp; path = main.cc; sourceTree = "<group>"; };
		ECCE90A51AAEFC1E0045D8E4 /* mbed.h */ = {isa = PBXFileReference; lastKnownFileType = sourcecode.c.h; path = mbed.h; sourceTree = "<group>"; };
		ECCE90A61AAEFC1E0045D8E4 /* mconf.h */ = {isa = PBXFileReference; lastKnownFileType = sourcecode.c.h; path = mconf.h; sourceTree = "<group>"; };
		ECCE90A71AAEFC1E0045D8E4 /* misc.h */ = {isa = PBXFileReference; lastKnownFileType = sourcecode.c.h; path = misc.h; sourceTree = "<group>"; };
		ECCE90AA1AAEFC1E0045D8E4 /* network.c */ = {isa = PBXFileReference; lastKnownFileType = sourcecode.c.c; path = network.c; sourceTree = "<group>"; };
		ECCE90AB1AAEFC1E0045D8E4 /* network.h */ = {isa = PBXFileReference; lastKnownFileType = sourcecode.c.h; path = network.h; sourceTree = "<group>"; };
		ECCE90AD1AAEFC1E0045D8E4 /* platform_config.h */ = {isa = PBXFileReference; lastKnownFileType = sourcecode.c.h; path = platform_config.h; sourceTree = "<group>"; };
		ECCE90AE1AAEFC1E0045D8E4 /* platform.h */ = {isa = PBXFileReference; lastKnownFileType = sourcecode.c.h; path = platform.h; sourceTree = "<group>"; };
		ECCE90AF1AAEFC1E0045D8E4 /* polevl.asm */ = {isa = PBXFileReference; lastKnownFileType = sourcecode.asm.asm; path = polevl.asm; sourceTree = "<group>"; };
		ECCE90B01AAEFC1E0045D8E4 /* polevl.c */ = {isa = PBXFileReference; lastKnownFileType = sourcecode.c.c; path = polevl.c; sourceTree = "<group>"; };
		ECCE90B11AAEFC1E0045D8E4 /* pow.c */ = {isa = PBXFileReference; lastKnownFileType = sourcecode.c.c; path = pow.c; sourceTree = "<group>"; };
		ECCE90B21AAEFC1E0045D8E4 /* powi.c */ = {isa = PBXFileReference; lastKnownFileType = sourcecode.c.c; path = powi.c; sourceTree = "<group>"; };
		ECCE90B31AAEFC1E0045D8E4 /* protos.h */ = {isa = PBXFileReference; lastKnownFileType = sourcecode.c.h; path = protos.h; sourceTree = "<group>"; };
		ECCE90B41AAEFC1E0045D8E4 /* README */ = {isa = PBXFileReference; lastKnownFileType = text; path = README; sourceTree = "<group>"; };
		ECCE90B51AAEFC1E0045D8E4 /* round.c */ = {isa = PBXFileReference; lastKnownFileType = sourcecode.c.c; path = round.c; sourceTree = "<group>"; };
		ECCE90B61AAEFC1E0045D8E4 /* sdio_sdcard.h */ = {isa = PBXFileReference; lastKnownFileType = sourcecode.c.h; path = sdio_sdcard.h; sourceTree = "<group>"; };
		ECCE90B71AAEFC1E0045D8E4 /* setprbor.asm */ = {isa = PBXFileReference; lastKnownFileType = sourcecode.asm.asm; path = setprbor.asm; sourceTree = "<group>"; };
		ECCE90B81AAEFC1E0045D8E4 /* setprec.87 */ = {isa = PBXFileReference; lastKnownFileType = text; path = setprec.87; sourceTree = "<group>"; };
		ECCE90B91AAEFC1E0045D8E4 /* setprec.387 */ = {isa = PBXFileReference; lastKnownFileType = text; path = setprec.387; sourceTree = "<group>"; };
		ECCE90BA1AAEFC1E0045D8E4 /* setprec.688 */ = {isa = PBXFileReference; lastKnownFileType = text; path = setprec.688; sourceTree = "<group>"; };
		ECCE90BB1AAEFC1E0045D8E4 /* setprec.c */ = {isa = PBXFileReference; lastKnownFileType = sourcecode.c.c; path = setprec.c; sourceTree = "<group>"; };
		ECCE90BC1AAEFC1E0045D8E4 /* setprelf.387 */ = {isa = PBXFileReference; lastKnownFileType = text; path = setprelf.387; sourceTree = "<group>"; };
		ECCE90BD1AAEFC1E0045D8E4 /* sha1.c */ = {isa = PBXFileReference; lastKnownFileType = sourcecode.c.c; path = sha1.c; sourceTree = "<group>"; };
		ECCE90BE1AAEFC1E0045D8E4 /* sha1.h */ = {isa = PBXFileReference; lastKnownFileType = sourcecode.c.h; path = sha1.h; sourceTree = "<group>"; };
		ECCE90BF1AAEFC1E0045D8E4 /* sha2.c */ = {isa = PBXFileReference; lastKnownFileType = sourcecode.c.c; path = sha2.c; sourceTree = "<group>"; };
		ECCE90C01AAEFC1E0045D8E4 /* sha2.h */ = {isa = PBXFileReference; lastKnownFileType = sourcecode.c.h; path = sha2.h; sourceTree = "<group>"; };
		ECCE90C11AAEFC1E0045D8E4 /* sin.c */ = {isa = PBXFileReference; lastKnownFileType = sourcecode.c.c; path = sin.c; sourceTree = "<group>"; };
		ECCE90C21AAEFC1E0045D8E4 /* sincos.c */ = {isa = PBXFileReference; lastKnownFileType = sourcecode.c.c; path = sincos.c; sourceTree = "<group>"; };
		ECCE90C31AAEFC1E0045D8E4 /* sindg.c */ = {isa = PBXFileReference; lastKnownFileType = sourcecode.c.c; path = sindg.c; sourceTree = "<group>"; };
		ECCE90C41AAEFC1E0045D8E4 /* sinh.c */ = {isa = PBXFileReference; lastKnownFileType = sourcecode.c.c; path = sinh.c; sourceTree = "<group>"; };
		ECCE90C51AAEFC1E0045D8E4 /* socketserver.c */ = {isa = PBXFileReference; lastKnownFileType = sourcecode.c.c; path = socketserver.c; sourceTree = "<group>"; };
		ECCE90C61AAEFC1E0045D8E4 /* socketserver.h */ = {isa = PBXFileReference; lastKnownFileType = sourcecode.c.h; path = socketserver.h; sourceTree = "<group>"; };
		ECCE90C71AAEFC1E0045D8E4 /* sqrt.c */ = {isa = PBXFileReference; lastKnownFileType = sourcecode.c.c; path = sqrt.c; sourceTree = "<group>"; };
		ECCE90C81AAEFC1E0045D8E4 /* stdout.c */ = {isa = PBXFileReference; lastKnownFileType = sourcecode.c.c; path = stdout.c; sourceTree = "<group>"; };
		ECCE90C91AAEFC1E0045D8E4 /* stdout.h */ = {isa = PBXFileReference; lastKnownFileType = sourcecode.c.h; path = stdout.h; sourceTree = "<group>"; };
		ECCE90CA1AAEFC1E0045D8E4 /* tan.c */ = {isa = PBXFileReference; lastKnownFileType = sourcecode.c.c; path = tan.c; sourceTree = "<group>"; };
		ECCE90CB1AAEFC1E0045D8E4 /* tandg.c */ = {isa = PBXFileReference; lastKnownFileType = sourcecode.c.c; path = tandg.c; sourceTree = "<group>"; };
		ECCE90CC1AAEFC1E0045D8E4 /* tanh.c */ = {isa = PBXFileReference; lastKnownFileType = sourcecode.c.c; path = tanh.c; sourceTree = "<group>"; };
		ECCE90CD1AAEFC1E0045D8E4 /* unity.c */ = {isa = PBXFileReference; lastKnownFileType = sourcecode.c.c; path = unity.c; sourceTree = "<group>"; };
		ECCE90CE1AAEFC1E0045D8E4 /* unix.mak */ = {isa = PBXFileReference; lastKnownFileType = sourcecode.make; path = unix.mak; sourceTree = "<group>"; };
		ECCE90CF1AAEFC1E0045D8E4 /* usb_conf.h */ = {isa = PBXFileReference; lastKnownFileType = sourcecode.c.h; path = usb_conf.h; sourceTree = "<group>"; };
		ECCE90D01AAEFC1E0045D8E4 /* user_main.c */ = {isa = PBXFileReference; lastKnownFileType = sourcecode.c.c; path = user_main.c; sourceTree = "<group>"; };
		ECCE90D11AAEFC1E0045D8E4 /* vector_font.h */ = {isa = PBXFileReference; lastKnownFileType = sourcecode.c.h; path = vector_font.h; sourceTree = "<group>"; };
		ECCE90D71AB0AFE50045D8E4 /* jshardware.cc */ = {isa = PBXFileReference; lastKnownFileType = sourcecode.cpp.cpp; path = jshardware.cc; sourceTree = "<group>"; };
/* End PBXFileReference section */

/* Begin PBXGroup section */
		EC1EA57E1AAC6A5200C7CA40 = {
			isa = PBXGroup;
			children = (
				EC1EA5891AAC6B1100C7CA40 /* firmware */,
				EC1EA58C1AAC6B1100C7CA40 /* build */,
				EC1EA59C1AAC6B1100C7CA40 /* Makefile */,
				EC1EA5B11AAC6B1100C7CA40 /* user */,
				EC1EA5E31AAC6B1100C7CA40 /* include */,
			);
			sourceTree = "<group>";
		};
		EC1EA5891AAC6B1100C7CA40 /* firmware */ = {
			isa = PBXGroup;
			children = (
				EC1EA58A1AAC6B1100C7CA40 /* 0x00000.bin */,
				EC1EA58B1AAC6B1100C7CA40 /* 0x40000.bin */,
			);
			path = firmware;
			sourceTree = "<group>";
		};
		EC1EA58C1AAC6B1100C7CA40 /* build */ = {
			isa = PBXGroup;
			children = (
				EC1EA58D1AAC6B1100C7CA40 /* driver */,
				EC1EA58E1AAC6B1100C7CA40 /* httpd.out */,
				EC1EA58F1AAC6B1100C7CA40 /* httpd_app.a */,
				EC1EA5901AAC6B1100C7CA40 /* user */,
			);
			path = build;
			sourceTree = "<group>";
		};
		EC1EA58D1AAC6B1100C7CA40 /* driver */ = {
			isa = PBXGroup;
			children = (
			);
			path = driver;
			sourceTree = "<group>";
		};
		EC1EA5901AAC6B1100C7CA40 /* user */ = {
			isa = PBXGroup;
			children = (
				EC1EA5911AAC6B1100C7CA40 /* auth.o */,
				EC1EA5921AAC6B1100C7CA40 /* base64.o */,
				EC1EA5931AAC6B1100C7CA40 /* cgi.o */,
				EC1EA5941AAC6B1100C7CA40 /* cgiwifi.o */,
				EC1EA5951AAC6B1100C7CA40 /* espfs.o */,
				EC1EA5961AAC6B1100C7CA40 /* heatshrink_decoder.o */,
				EC1EA5971AAC6B1100C7CA40 /* httpd.o */,
				EC1EA5981AAC6B1100C7CA40 /* httpdespfs.o */,
				EC1EA5991AAC6B1100C7CA40 /* io.o */,
				EC1EA59A1AAC6B1100C7CA40 /* stdout.o */,
				EC1EA59B1AAC6B1100C7CA40 /* user_main.o */,
			);
			path = user;
			sourceTree = "<group>";
		};
		EC1EA5B11AAC6B1100C7CA40 /* user */ = {
			isa = PBXGroup;
			children = (
				ECCE90D71AB0AFE50045D8E4 /* jshardware.cc */,
				ECCE8FD71AAEFC1E0045D8E4 /* acosh.c */,
				ECCE8FD81AAEFC1E0045D8E4 /* arm_common_tables.h */,
				ECCE8FD91AAEFC1E0045D8E4 /* arm_math.h */,
				ECCE8FDA1AAEFC1E0045D8E4 /* asin.c */,
				ECCE8FDB1AAEFC1E0045D8E4 /* asinh.c */,
				ECCE8FDC1AAEFC1E0045D8E4 /* atan.c */,
				ECCE8FDD1AAEFC1E0045D8E4 /* atanh.c */,
				ECCE8FE41AAEFC1E0045D8E4 /* cbrt.c */,
				ECCE8FE91AAEFC1E0045D8E4 /* chbevl.c */,
				ECCE8FEA1AAEFC1E0045D8E4 /* clog.c */,
				ECCE8FEB1AAEFC1E0045D8E4 /* cmplx.c */,
				ECCE8FEC1AAEFC1E0045D8E4 /* const.c */,
				ECCE8FED1AAEFC1E0045D8E4 /* core_cm0.h */,
				ECCE8FEE1AAEFC1E0045D8E4 /* core_cm3.h */,
				ECCE8FEF1AAEFC1E0045D8E4 /* core_cm4_simd.h */,
				ECCE8FF01AAEFC1E0045D8E4 /* core_cm4.h */,
				ECCE8FF11AAEFC1E0045D8E4 /* core_cmFunc.h */,
				ECCE8FF21AAEFC1E0045D8E4 /* core_cmInstr.h */,
				ECCE8FF31AAEFC1E0045D8E4 /* cosh.c */,
				ECCE8FF41AAEFC1E0045D8E4 /* descrip.mms */,
				ECCE8FF51AAEFC1E0045D8E4 /* device.h */,
				ECCE8FF61AAEFC1E0045D8E4 /* diskio.h */,
				ECCE8FF71AAEFC1E0045D8E4 /* drand.c */,
				ECCE8FF81AAEFC1E0045D8E4 /* dtestvec.c */,
				ECCE8FFB1AAEFC1E0045D8E4 /* exp.c */,
				ECCE8FFC1AAEFC1E0045D8E4 /* exp2.c */,
				ECCE8FFD1AAEFC1E0045D8E4 /* exp10.c */,
				ECCE8FFE1AAEFC1E0045D8E4 /* fabs.c */,
				ECCE8FFF1AAEFC1E0045D8E4 /* FATFS_doc */,
				ECCE90341AAEFC1E0045D8E4 /* fattime.c */,
				ECCE90351AAEFC1E0045D8E4 /* fattime.h */,
				ECCE90361AAEFC1E0045D8E4 /* ff.c */,
				ECCE90371AAEFC1E0045D8E4 /* ff.h */,
				ECCE90381AAEFC1E0045D8E4 /* ffconf.h */,
				ECCE90391AAEFC1E0045D8E4 /* floor.c */,
				ECCE903A1AAEFC1E0045D8E4 /* ftilib.mak */,
				ECCE903B1AAEFC1E0045D8E4 /* ftilib.rsp */,
				ECCE90471AAEFC1E0045D8E4 /* integer.h */,
				ECCE904A1AAEFC1E0045D8E4 /* isnan.c */,
				ECCE904B1AAEFC1E0045D8E4 /* jsdevices.c */,
				ECCE904C1AAEFC1E0045D8E4 /* jsdevices.h */,
				ECCE904D1AAEFC1E0045D8E4 /* jshardware.c */,
				ECCE904E1AAEFC1E0045D8E4 /* jshardware.h */,
				ECCE904F1AAEFC1E0045D8E4 /* jsinteractive.c */,
				ECCE90501AAEFC1E0045D8E4 /* jsinteractive.h */,
				ECCE90511AAEFC1E0045D8E4 /* jslex.c */,
				ECCE90521AAEFC1E0045D8E4 /* jslex.h */,
				ECCE90531AAEFC1E0045D8E4 /* jsnative.c */,
				ECCE90541AAEFC1E0045D8E4 /* jsnative.h */,
				ECCE90551AAEFC1E0045D8E4 /* jsparse.c */,
				ECCE90561AAEFC1E0045D8E4 /* jsparse.h */,
				ECCE90571AAEFC1E0045D8E4 /* jspin.c */,
				ECCE90581AAEFC1E0045D8E4 /* jspin.h */,
				ECCE90591AAEFC1E0045D8E4 /* jspininfo_arduino.c */,
				ECCE905A1AAEFC1E0045D8E4 /* jspininfo_arduino.h */,
				ECCE905B1AAEFC1E0045D8E4 /* jspininfo.c */,
				ECCE905C1AAEFC1E0045D8E4 /* jspininfo.h */,
				ECCE905D1AAEFC1E0045D8E4 /* jsspi.c */,
				ECCE905E1AAEFC1E0045D8E4 /* jsspi.h */,
				ECCE905F1AAEFC1E0045D8E4 /* jstimer.c */,
				ECCE90601AAEFC1E0045D8E4 /* jstimer.h */,
				ECCE90611AAEFC1E0045D8E4 /* jsutils.c */,
				ECCE90621AAEFC1E0045D8E4 /* jsutils.h */,
				ECCE90631AAEFC1E0045D8E4 /* jsvar.c */,
				ECCE90641AAEFC1E0045D8E4 /* jsvar.h */,
				ECCE90651AAEFC1E0045D8E4 /* jsvariterator.c */,
				ECCE90661AAEFC1E0045D8E4 /* jsvariterator.h */,
				ECCE90671AAEFC1E0045D8E4 /* jswrap_array.c */,
				ECCE90681AAEFC1E0045D8E4 /* jswrap_array.h */,
				ECCE90691AAEFC1E0045D8E4 /* jswrap_arraybuffer.c */,
				ECCE906A1AAEFC1E0045D8E4 /* jswrap_arraybuffer.h */,
				ECCE906B1AAEFC1E0045D8E4 /* jswrap_date.c */,
				ECCE906C1AAEFC1E0045D8E4 /* jswrap_date.h */,
				ECCE906D1AAEFC1E0045D8E4 /* jswrap_error.c */,
				ECCE906E1AAEFC1E0045D8E4 /* jswrap_error.h */,
				ECCE90711AAEFC1E0045D8E4 /* jswrap_espruino.c */,
				ECCE90721AAEFC1E0045D8E4 /* jswrap_espruino.h */,
				ECCE90731AAEFC1E0045D8E4 /* jswrap_file.c */,
				ECCE90741AAEFC1E0045D8E4 /* jswrap_file.h */,
				ECCE90751AAEFC1E0045D8E4 /* jswrap_fs.c */,
				ECCE90761AAEFC1E0045D8E4 /* jswrap_fs.h */,
				ECCE90771AAEFC1E0045D8E4 /* jswrap_functions.c */,
				ECCE90781AAEFC1E0045D8E4 /* jswrap_functions.h */,
				ECCE90791AAEFC1E0045D8E4 /* jswrap_hashlib.c */,
				ECCE907A1AAEFC1E0045D8E4 /* jswrap_hashlib.h */,
				ECCE907B1AAEFC1E0045D8E4 /* jswrap_http.c */,
				ECCE907C1AAEFC1E0045D8E4 /* jswrap_http.h */,
				ECCE907D1AAEFC1E0045D8E4 /* jswrap_interactive.c */,
				ECCE907E1AAEFC1E0045D8E4 /* jswrap_interactive.h */,
				ECCE907F1AAEFC1E0045D8E4 /* jswrap_io.c */,
				ECCE90801AAEFC1E0045D8E4 /* jswrap_io.h */,
				ECCE90811AAEFC1E0045D8E4 /* jswrap_json.c */,
				ECCE90821AAEFC1E0045D8E4 /* jswrap_json.h */,
				ECCE90831AAEFC1E0045D8E4 /* jswrap_math.c */,
				ECCE90841AAEFC1E0045D8E4 /* jswrap_math.h */,
				ECCE90851AAEFC1E0045D8E4 /* jswrap_modules.c */,
				ECCE90861AAEFC1E0045D8E4 /* jswrap_modules.h */,
				ECCE90871AAEFC1E0045D8E4 /* jswrap_net.c */,
				ECCE90881AAEFC1E0045D8E4 /* jswrap_net.h */,
				ECCE90891AAEFC1E0045D8E4 /* jswrap_number.c */,
				ECCE908A1AAEFC1E0045D8E4 /* jswrap_number.h */,
				ECCE908B1AAEFC1E0045D8E4 /* jswrap_object.c */,
				ECCE908C1AAEFC1E0045D8E4 /* jswrap_object.h */,
				ECCE908D1AAEFC1E0045D8E4 /* jswrap_onewire.c */,
				ECCE908E1AAEFC1E0045D8E4 /* jswrap_onewire.h */,
				ECCE908F1AAEFC1E0045D8E4 /* jswrap_pin.c */,
				ECCE90901AAEFC1E0045D8E4 /* jswrap_pin.h */,
				ECCE90911AAEFC1E0045D8E4 /* jswrap_pipe.c */,
				ECCE90921AAEFC1E0045D8E4 /* jswrap_pipe.h */,
				ECCE90931AAEFC1E0045D8E4 /* jswrap_process.c */,
				ECCE90941AAEFC1E0045D8E4 /* jswrap_process.h */,
				ECCE90951AAEFC1E0045D8E4 /* jswrap_serial.c */,
				ECCE90961AAEFC1E0045D8E4 /* jswrap_serial.h */,
				ECCE90971AAEFC1E0045D8E4 /* jswrap_spi_i2c.c */,
				ECCE90981AAEFC1E0045D8E4 /* jswrap_spi_i2c.h */,
				ECCE90991AAEFC1E0045D8E4 /* jswrap_stream.c */,
				ECCE909A1AAEFC1E0045D8E4 /* jswrap_stream.h */,
				ECCE909B1AAEFC1E0045D8E4 /* jswrap_string.c */,
				ECCE909C1AAEFC1E0045D8E4 /* jswrap_string.h */,
				ECCE909D1AAEFC1E0045D8E4 /* jswrap_waveform.c */,
				ECCE909E1AAEFC1E0045D8E4 /* jswrap_waveform.h */,
				ECCE909F1AAEFC1E0045D8E4 /* jswrapper.c */,
				ECCE90A01AAEFC1E0045D8E4 /* jswrapper.h */,
				ECCE90A11AAEFC1E0045D8E4 /* log.c */,
				ECCE90A21AAEFC1E0045D8E4 /* log2.c */,
				ECCE90A31AAEFC1E0045D8E4 /* log10.c */,
				ECCE90A41AAEFC1E0045D8E4 /* main.cc */,
				ECCE90A51AAEFC1E0045D8E4 /* mbed.h */,
				ECCE90A61AAEFC1E0045D8E4 /* mconf.h */,
				ECCE90A71AAEFC1E0045D8E4 /* misc.h */,
				ECCE90AA1AAEFC1E0045D8E4 /* network.c */,
				ECCE90AB1AAEFC1E0045D8E4 /* network.h */,
				ECCE90AD1AAEFC1E0045D8E4 /* platform_config.h */,
				ECCE90AE1AAEFC1E0045D8E4 /* platform.h */,
				ECCE90AF1AAEFC1E0045D8E4 /* polevl.asm */,
				ECCE90B01AAEFC1E0045D8E4 /* polevl.c */,
				ECCE90B11AAEFC1E0045D8E4 /* pow.c */,
				ECCE90B21AAEFC1E0045D8E4 /* powi.c */,
				ECCE90B31AAEFC1E0045D8E4 /* protos.h */,
				ECCE90B41AAEFC1E0045D8E4 /* README */,
				ECCE90B51AAEFC1E0045D8E4 /* round.c */,
				ECCE90B61AAEFC1E0045D8E4 /* sdio_sdcard.h */,
				ECCE90B71AAEFC1E0045D8E4 /* setprbor.asm */,
				ECCE90B81AAEFC1E0045D8E4 /* setprec.87 */,
				ECCE90B91AAEFC1E0045D8E4 /* setprec.387 */,
				ECCE90BA1AAEFC1E0045D8E4 /* setprec.688 */,
				ECCE90BB1AAEFC1E0045D8E4 /* setprec.c */,
				ECCE90BC1AAEFC1E0045D8E4 /* setprelf.387 */,
				ECCE90BD1AAEFC1E0045D8E4 /* sha1.c */,
				ECCE90BE1AAEFC1E0045D8E4 /* sha1.h */,
				ECCE90BF1AAEFC1E0045D8E4 /* sha2.c */,
				ECCE90C01AAEFC1E0045D8E4 /* sha2.h */,
				ECCE90C11AAEFC1E0045D8E4 /* sin.c */,
				ECCE90C21AAEFC1E0045D8E4 /* sincos.c */,
				ECCE90C31AAEFC1E0045D8E4 /* sindg.c */,
				ECCE90C41AAEFC1E0045D8E4 /* sinh.c */,
				ECCE90C51AAEFC1E0045D8E4 /* socketserver.c */,
				ECCE90C61AAEFC1E0045D8E4 /* socketserver.h */,
				ECCE90C71AAEFC1E0045D8E4 /* sqrt.c */,
				ECCE90C81AAEFC1E0045D8E4 /* stdout.c */,
				ECCE90C91AAEFC1E0045D8E4 /* stdout.h */,
				ECCE90CA1AAEFC1E0045D8E4 /* tan.c */,
				ECCE90CB1AAEFC1E0045D8E4 /* tandg.c */,
				ECCE90CC1AAEFC1E0045D8E4 /* tanh.c */,
				ECCE90CD1AAEFC1E0045D8E4 /* unity.c */,
				ECCE90CE1AAEFC1E0045D8E4 /* unix.mak */,
				ECCE90CF1AAEFC1E0045D8E4 /* usb_conf.h */,
				ECCE90D01AAEFC1E0045D8E4 /* user_main.c */,
				ECCE90D11AAEFC1E0045D8E4 /* vector_font.h */,
			);
			path = user;
			sourceTree = "<group>";
		};
		EC1EA5E31AAC6B1100C7CA40 /* include */ = {
			isa = PBXGroup;
			children = (
				EC1EA5E41AAC6B1100C7CA40 /* espmissingincludes.h */,
				EC1EA5E51AAC6B1100C7CA40 /* httpdconfig.h */,
				EC1EA5E61AAC6B1100C7CA40 /* lwipopts.h */,
				EC1EA5E71AAC6B1100C7CA40 /* mem_manager.h */,
				EC1EA5E81AAC6B1100C7CA40 /* uart_hw.h */,
				EC1EA5E91AAC6B1100C7CA40 /* user_config.h */,
			);
			path = include;
			sourceTree = "<group>";
		};
		ECCE8FFF1AAEFC1E0045D8E4 /* FATFS_doc */ = {
			isa = PBXGroup;
			children = (
				ECCE90001AAEFC1E0045D8E4 /* 00index_e.html */,
				ECCE90011AAEFC1E0045D8E4 /* css_e.css */,
				ECCE90021AAEFC1E0045D8E4 /* en */,
				ECCE90291AAEFC1E0045D8E4 /* img */,
				ECCE90321AAEFC1E0045D8E4 /* patches.html */,
				ECCE90331AAEFC1E0045D8E4 /* updates.txt */,
			);
			path = FATFS_doc;
			sourceTree = "<group>";
		};
		ECCE90021AAEFC1E0045D8E4 /* en */ = {
			isa = PBXGroup;
			children = (
				ECCE90031AAEFC1E0045D8E4 /* appnote.html */,
				ECCE90041AAEFC1E0045D8E4 /* chdir.html */,
				ECCE90051AAEFC1E0045D8E4 /* chdrive.html */,
				ECCE90061AAEFC1E0045D8E4 /* chmod.html */,
				ECCE90071AAEFC1E0045D8E4 /* close.html */,
				ECCE90081AAEFC1E0045D8E4 /* dinit.html */,
				ECCE90091AAEFC1E0045D8E4 /* dioctl.html */,
				ECCE900A1AAEFC1E0045D8E4 /* dread.html */,
				ECCE900B1AAEFC1E0045D8E4 /* dstat.html */,
				ECCE900C1AAEFC1E0045D8E4 /* dwrite.html */,
				ECCE900D1AAEFC1E0045D8E4 /* fattime.html */,
				ECCE900E1AAEFC1E0045D8E4 /* filename.html */,
				ECCE900F1AAEFC1E0045D8E4 /* forward.html */,
				ECCE90101AAEFC1E0045D8E4 /* getfree.html */,
				ECCE90111AAEFC1E0045D8E4 /* gets.html */,
				ECCE90121AAEFC1E0045D8E4 /* lseek.html */,
				ECCE90131AAEFC1E0045D8E4 /* mkdir.html */,
				ECCE90141AAEFC1E0045D8E4 /* mkfs.html */,
				ECCE90151AAEFC1E0045D8E4 /* mount.html */,
				ECCE90161AAEFC1E0045D8E4 /* mountdrv.html */,
				ECCE90171AAEFC1E0045D8E4 /* open.html */,
				ECCE90181AAEFC1E0045D8E4 /* opendir.html */,
				ECCE90191AAEFC1E0045D8E4 /* printf.html */,
				ECCE901A1AAEFC1E0045D8E4 /* putc.html */,
				ECCE901B1AAEFC1E0045D8E4 /* puts.html */,
				ECCE901C1AAEFC1E0045D8E4 /* read.html */,
				ECCE901D1AAEFC1E0045D8E4 /* readdir.html */,
				ECCE901E1AAEFC1E0045D8E4 /* rename.html */,
				ECCE901F1AAEFC1E0045D8E4 /* sdir.html */,
				ECCE90201AAEFC1E0045D8E4 /* sfatfs.html */,
				ECCE90211AAEFC1E0045D8E4 /* sfile.html */,
				ECCE90221AAEFC1E0045D8E4 /* sfileinfo.html */,
				ECCE90231AAEFC1E0045D8E4 /* stat.html */,
				ECCE90241AAEFC1E0045D8E4 /* sync.html */,
				ECCE90251AAEFC1E0045D8E4 /* truncate.html */,
				ECCE90261AAEFC1E0045D8E4 /* unlink.html */,
				ECCE90271AAEFC1E0045D8E4 /* utime.html */,
				ECCE90281AAEFC1E0045D8E4 /* write.html */,
			);
			path = en;
			sourceTree = "<group>";
		};
		ECCE90291AAEFC1E0045D8E4 /* img */ = {
			isa = PBXGroup;
			children = (
				ECCE902A1AAEFC1E0045D8E4 /* f1.png */,
				ECCE902B1AAEFC1E0045D8E4 /* f2.png */,
				ECCE902C1AAEFC1E0045D8E4 /* f3.png */,
				ECCE902D1AAEFC1E0045D8E4 /* f4.png */,
				ECCE902E1AAEFC1E0045D8E4 /* f5.png */,
				ECCE902F1AAEFC1E0045D8E4 /* layers.png */,
				ECCE90301AAEFC1E0045D8E4 /* rwtest.png */,
				ECCE90311AAEFC1E0045D8E4 /* rwtest2.png */,
			);
			path = img;
			sourceTree = "<group>";
		};
/* End PBXGroup section */

/* Begin PBXLegacyTarget section */
		EC1EA5831AAC6A5300C7CA40 /* httpd */ = {
			isa = PBXLegacyTarget;
			buildArgumentsString = "";
			buildConfigurationList = EC1EA5861AAC6A5300C7CA40 /* Build configuration list for PBXLegacyTarget "httpd" */;
			buildPhases = (
			);
			buildToolPath = make;
			buildWorkingDirectory = "";
			dependencies = (
			);
			name = httpd;
			passBuildSettingsInEnvironment = 0;
			productName = httpd;
		};
		EC1EA5EB1AAC6B3400C7CA40 /* clean */ = {
			isa = PBXLegacyTarget;
			buildArgumentsString = clean;
			buildConfigurationList = EC1EA5EC1AAC6B3400C7CA40 /* Build configuration list for PBXLegacyTarget "clean" */;
			buildPhases = (
			);
			buildToolPath = make;
			buildWorkingDirectory = "";
			dependencies = (
			);
			name = clean;
			passBuildSettingsInEnvironment = 1;
			productName = httpd;
		};
		EC9D75F91AAC6D1D00A136B1 /* webpages */ = {
			isa = PBXLegacyTarget;
			buildArgumentsString = webpages;
			buildConfigurationList = EC9D75FA1AAC6D1D00A136B1 /* Build configuration list for PBXLegacyTarget "webpages" */;
			buildPhases = (
			);
			buildToolPath = make;
			buildWorkingDirectory = "";
			dependencies = (
			);
			name = webpages;
			passBuildSettingsInEnvironment = 1;
			productName = httpd;
		};
		EC9D75FD1AAC6D4700A136B1 /* htmlflash */ = {
			isa = PBXLegacyTarget;
			buildArgumentsString = htmlflash;
			buildConfigurationList = EC9D75FE1AAC6D4700A136B1 /* Build configuration list for PBXLegacyTarget "htmlflash" */;
			buildPhases = (
			);
			buildToolPath = make;
			buildWorkingDirectory = "";
			dependencies = (
			);
			name = htmlflash;
			passBuildSettingsInEnvironment = 1;
			productName = httpd;
		};
		EC9D76011AAC6D4900A136B1 /* flash */ = {
			isa = PBXLegacyTarget;
			buildArgumentsString = flash;
			buildConfigurationList = EC9D76021AAC6D4900A136B1 /* Build configuration list for PBXLegacyTarget "flash" */;
			buildPhases = (
			);
			buildToolPath = make;
			buildWorkingDirectory = "";
			dependencies = (
			);
			name = flash;
			passBuildSettingsInEnvironment = 1;
			productName = httpd;
		};
/* End PBXLegacyTarget section */

/* Begin PBXProject section */
		EC1EA57F1AAC6A5200C7CA40 /* Project object */ = {
			isa = PBXProject;
			attributes = {
				LastUpgradeCheck = 0610;
				ORGANIZATIONNAME = VisioLights;
				TargetAttributes = {
					EC1EA5831AAC6A5300C7CA40 = {
						CreatedOnToolsVersion = 6.1.1;
					};
				};
			};
			buildConfigurationList = EC1EA5821AAC6A5200C7CA40 /* Build configuration list for PBXProject "Espruino-on-ESP8266" */;
			compatibilityVersion = "Xcode 3.2";
			developmentRegion = English;
			hasScannedForEncodings = 0;
			knownRegions = (
				en,
			);
			mainGroup = EC1EA57E1AAC6A5200C7CA40;
			projectDirPath = "";
			projectRoot = "";
			targets = (
				EC1EA5EB1AAC6B3400C7CA40 /* clean */,
				EC1EA5831AAC6A5300C7CA40 /* httpd */,
				EC9D76011AAC6D4900A136B1 /* flash */,
				EC9D75F91AAC6D1D00A136B1 /* webpages */,
				EC9D75FD1AAC6D4700A136B1 /* htmlflash */,
			);
		};
/* End PBXProject section */

/* Begin XCBuildConfiguration section */
		EC1EA5841AAC6A5300C7CA40 /* Debug */ = {
			isa = XCBuildConfiguration;
			buildSettings = {
				ALWAYS_SEARCH_USER_PATHS = NO;
				CLANG_CXX_LANGUAGE_STANDARD = "gnu++0x";
				CLANG_CXX_LIBRARY = "libc++";
				CLANG_ENABLE_MODULES = YES;
				CLANG_ENABLE_OBJC_ARC = YES;
				CLANG_WARN_BOOL_CONVERSION = YES;
				CLANG_WARN_CONSTANT_CONVERSION = YES;
				CLANG_WARN_DIRECT_OBJC_ISA_USAGE = YES_ERROR;
				CLANG_WARN_EMPTY_BODY = YES;
				CLANG_WARN_ENUM_CONVERSION = YES;
				CLANG_WARN_INT_CONVERSION = YES;
				CLANG_WARN_OBJC_ROOT_CLASS = YES_ERROR;
				CLANG_WARN_UNREACHABLE_CODE = YES;
				CLANG_WARN__DUPLICATE_METHOD_MATCH = YES;
				COPY_PHASE_STRIP = NO;
				ENABLE_STRICT_OBJC_MSGSEND = YES;
				GCC_C_LANGUAGE_STANDARD = gnu99;
				GCC_DYNAMIC_NO_PIC = NO;
				GCC_OPTIMIZATION_LEVEL = 0;
				GCC_PREPROCESSOR_DEFINITIONS = (
					"DEBUG=1",
					"$(inherited)",
				);
				GCC_SYMBOLS_PRIVATE_EXTERN = NO;
				GCC_WARN_64_TO_32_BIT_CONVERSION = YES;
				GCC_WARN_ABOUT_RETURN_TYPE = YES_ERROR;
				GCC_WARN_UNDECLARED_SELECTOR = YES;
				GCC_WARN_UNINITIALIZED_AUTOS = YES_AGGRESSIVE;
				GCC_WARN_UNUSED_FUNCTION = YES;
				GCC_WARN_UNUSED_VARIABLE = YES;
				MACOSX_DEPLOYMENT_TARGET = 10.10;
				MTL_ENABLE_DEBUG_INFO = YES;
				ONLY_ACTIVE_ARCH = YES;
				SDKROOT = macosx;
			};
			name = Debug;
		};
		EC1EA5851AAC6A5300C7CA40 /* Release */ = {
			isa = XCBuildConfiguration;
			buildSettings = {
				ALWAYS_SEARCH_USER_PATHS = NO;
				CLANG_CXX_LANGUAGE_STANDARD = "gnu++0x";
				CLANG_CXX_LIBRARY = "libc++";
				CLANG_ENABLE_MODULES = YES;
				CLANG_ENABLE_OBJC_ARC = YES;
				CLANG_WARN_BOOL_CONVERSION = YES;
				CLANG_WARN_CONSTANT_CONVERSION = YES;
				CLANG_WARN_DIRECT_OBJC_ISA_USAGE = YES_ERROR;
				CLANG_WARN_EMPTY_BODY = YES;
				CLANG_WARN_ENUM_CONVERSION = YES;
				CLANG_WARN_INT_CONVERSION = YES;
				CLANG_WARN_OBJC_ROOT_CLASS = YES_ERROR;
				CLANG_WARN_UNREACHABLE_CODE = YES;
				CLANG_WARN__DUPLICATE_METHOD_MATCH = YES;
				COPY_PHASE_STRIP = YES;
				DEBUG_INFORMATION_FORMAT = "dwarf-with-dsym";
				ENABLE_NS_ASSERTIONS = NO;
				ENABLE_STRICT_OBJC_MSGSEND = YES;
				GCC_C_LANGUAGE_STANDARD = gnu99;
				GCC_WARN_64_TO_32_BIT_CONVERSION = YES;
				GCC_WARN_ABOUT_RETURN_TYPE = YES_ERROR;
				GCC_WARN_UNDECLARED_SELECTOR = YES;
				GCC_WARN_UNINITIALIZED_AUTOS = YES_AGGRESSIVE;
				GCC_WARN_UNUSED_FUNCTION = YES;
				GCC_WARN_UNUSED_VARIABLE = YES;
				MACOSX_DEPLOYMENT_TARGET = 10.10;
				MTL_ENABLE_DEBUG_INFO = NO;
				SDKROOT = macosx;
			};
			name = Release;
		};
		EC1EA5871AAC6A5300C7CA40 /* Debug */ = {
			isa = XCBuildConfiguration;
			buildSettings = {
				DEBUGGING_SYMBOLS = YES;
				GCC_GENERATE_DEBUGGING_SYMBOLS = YES;
				GCC_OPTIMIZATION_LEVEL = 0;
				OTHER_CFLAGS = "";
				OTHER_LDFLAGS = "";
				PRODUCT_NAME = "$(TARGET_NAME)";
			};
			name = Debug;
		};
		EC1EA5881AAC6A5300C7CA40 /* Release */ = {
			isa = XCBuildConfiguration;
			buildSettings = {
				OTHER_CFLAGS = "";
				OTHER_LDFLAGS = "";
				PRODUCT_NAME = "$(TARGET_NAME)";
			};
			name = Release;
		};
		EC1EA5ED1AAC6B3400C7CA40 /* Debug */ = {
			isa = XCBuildConfiguration;
			buildSettings = {
				DEBUGGING_SYMBOLS = YES;
				GCC_GENERATE_DEBUGGING_SYMBOLS = YES;
				GCC_OPTIMIZATION_LEVEL = 0;
				OTHER_CFLAGS = "";
				OTHER_LDFLAGS = "";
				PRODUCT_NAME = "httpd copy";
			};
			name = Debug;
		};
		EC1EA5EE1AAC6B3400C7CA40 /* Release */ = {
			isa = XCBuildConfiguration;
			buildSettings = {
				OTHER_CFLAGS = "";
				OTHER_LDFLAGS = "";
				PRODUCT_NAME = "httpd copy";
			};
			name = Release;
		};
		EC9D75FB1AAC6D1D00A136B1 /* Debug */ = {
			isa = XCBuildConfiguration;
			buildSettings = {
				DEBUGGING_SYMBOLS = YES;
				GCC_GENERATE_DEBUGGING_SYMBOLS = YES;
				GCC_OPTIMIZATION_LEVEL = 0;
				OTHER_CFLAGS = "";
				OTHER_LDFLAGS = "";
				PRODUCT_NAME = "clean copy";
			};
			name = Debug;
		};
		EC9D75FC1AAC6D1D00A136B1 /* Release */ = {
			isa = XCBuildConfiguration;
			buildSettings = {
				OTHER_CFLAGS = "";
				OTHER_LDFLAGS = "";
				PRODUCT_NAME = "clean copy";
			};
			name = Release;
		};
		EC9D75FF1AAC6D4700A136B1 /* Debug */ = {
			isa = XCBuildConfiguration;
			buildSettings = {
				DEBUGGING_SYMBOLS = YES;
				GCC_GENERATE_DEBUGGING_SYMBOLS = YES;
				GCC_OPTIMIZATION_LEVEL = 0;
				OTHER_CFLAGS = "";
				OTHER_LDFLAGS = "";
				PRODUCT_NAME = "clean copy copy";
			};
			name = Debug;
		};
		EC9D76001AAC6D4700A136B1 /* Release */ = {
			isa = XCBuildConfiguration;
			buildSettings = {
				OTHER_CFLAGS = "";
				OTHER_LDFLAGS = "";
				PRODUCT_NAME = "clean copy copy";
			};
			name = Release;
		};
		EC9D76031AAC6D4900A136B1 /* Debug */ = {
			isa = XCBuildConfiguration;
			buildSettings = {
				DEBUGGING_SYMBOLS = YES;
				GCC_GENERATE_DEBUGGING_SYMBOLS = YES;
				GCC_OPTIMIZATION_LEVEL = 0;
				OTHER_CFLAGS = "";
				OTHER_LDFLAGS = "";
				PRODUCT_NAME = "clean copy copy copy";
			};
			name = Debug;
		};
		EC9D76041AAC6D4900A136B1 /* Release */ = {
			isa = XCBuildConfiguration;
			buildSettings = {
				OTHER_CFLAGS = "";
				OTHER_LDFLAGS = "";
				PRODUCT_NAME = "clean copy copy copy";
			};
			name = Release;
		};
/* End XCBuildConfiguration section */

/* Begin XCConfigurationList section */
		EC1EA5821AAC6A5200C7CA40 /* Build configuration list for PBXProject "Espruino-on-ESP8266" */ = {
			isa = XCConfigurationList;
			buildConfigurations = (
				EC1EA5841AAC6A5300C7CA40 /* Debug */,
				EC1EA5851AAC6A5300C7CA40 /* Release */,
			);
			defaultConfigurationIsVisible = 0;
			defaultConfigurationName = Release;
		};
		EC1EA5861AAC6A5300C7CA40 /* Build configuration list for PBXLegacyTarget "httpd" */ = {
			isa = XCConfigurationList;
			buildConfigurations = (
				EC1EA5871AAC6A5300C7CA40 /* Debug */,
				EC1EA5881AAC6A5300C7CA40 /* Release */,
			);
			defaultConfigurationIsVisible = 0;
			defaultConfigurationName = Release;
		};
		EC1EA5EC1AAC6B3400C7CA40 /* Build configuration list for PBXLegacyTarget "clean" */ = {
			isa = XCConfigurationList;
			buildConfigurations = (
				EC1EA5ED1AAC6B3400C7CA40 /* Debug */,
				EC1EA5EE1AAC6B3400C7CA40 /* Release */,
			);
			defaultConfigurationIsVisible = 0;
			defaultConfigurationName = Release;
		};
		EC9D75FA1AAC6D1D00A136B1 /* Build configuration list for PBXLegacyTarget "webpages" */ = {
			isa = XCConfigurationList;
			buildConfigurations = (
				EC9D75FB1AAC6D1D00A136B1 /* Debug */,
				EC9D75FC1AAC6D1D00A136B1 /* Release */,
			);
			defaultConfigurationIsVisible = 0;
			defaultConfigurationName = Release;
		};
		EC9D75FE1AAC6D4700A136B1 /* Build configuration list for PBXLegacyTarget "htmlflash" */ = {
			isa = XCConfigurationList;
			buildConfigurations = (
				EC9D75FF1AAC6D4700A136B1 /* Debug */,
				EC9D76001AAC6D4700A136B1 /* Release */,
			);
			defaultConfigurationIsVisible = 0;
			defaultConfigurationName = Release;
		};
		EC9D76021AAC6D4900A136B1 /* Build configuration list for PBXLegacyTarget "flash" */ = {
			isa = XCConfigurationList;
			buildConfigurations = (
				EC9D76031AAC6D4900A136B1 /* Debug */,
				EC9D76041AAC6D4900A136B1 /* Release */,
			);
			defaultConfigurationIsVisible = 0;
			defaultConfigurationName = Release;
		};
/* End XCConfigurationList section */
	};
	rootObject = EC1EA57F1AAC6A5200C7CA40 /* Project object */;
}
